
Microsoft Visual Studio Solution File, Format Version 12.00
# Visual Studio Version 16
VisualStudioVersion = 16.0.31729.503
MinimumVisualStudioVersion = 10.0.40219.1
Project("{9A19103F-16F7-4668-BE54-9A1E7A4F7556}") = "Avalonia.DeferredStartup", "Avalonia.DeferredStartup\Avalonia.DeferredStartup.csproj", "{F39F63F8-8490-48E3-82E4-7AD3AA49CCEA}"
EndProject
Project("{FAE04EC0-301F-11D3-BF4B-00C04F79EFBC}") = "Demo", "Demo\Demo.csproj", "{F467961D-7ECD-4550-BB7C-67E641A8BDAA}"
EndProject
Global
	GlobalSection(SolutionConfigurationPlatforms) = preSolution
		Debug|Any CPU = Debug|Any CPU
		Release|Any CPU = Release|Any CPU
	EndGlobalSection
	GlobalSection(ProjectConfigurationPlatforms) = postSolution
		{F39F63F8-8490-48E3-82E4-7AD3AA49CCEA}.Debug|Any CPU.ActiveCfg = Debug|Any CPU
		{F39F63F8-8490-48E3-82E4-7AD3AA49CCEA}.Debug|Any CPU.Build.0 = Debug|Any CPU
		{F39F63F8-8490-48E3-82E4-7AD3AA49CCEA}.Release|Any CPU.ActiveCfg = Release|Any CPU
		{F39F63F8-8490-48E3-82E4-7AD3AA49CCEA}.Release|Any CPU.Build.0 = Release|Any CPU
		{F467961D-7ECD-4550-BB7C-67E641A8BDAA}.Debug|Any CPU.ActiveCfg = Debug|Any CPU
		{F467961D-7ECD-4550-BB7C-67E641A8BDAA}.Debug|Any CPU.Build.0 = Debug|Any CPU
		{F467961D-7ECD-4550-BB7C-67E641A8BDAA}.Release|Any CPU.ActiveCfg = Release|Any CPU
		{F467961D-7ECD-4550-BB7C-67E641A8BDAA}.Release|Any CPU.Build.0 = Release|Any CPU
	EndGlobalSection
	GlobalSection(SolutionProperties) = preSolution
		HideSolutionNode = FALSE
	EndGlobalSection
	GlobalSection(ExtensibilityGlobals) = postSolution
		SolutionGuid = {222B639A-65ED-4BE8-BC75-4F8ED7BA45A2}
	EndGlobalSection
EndGlobal
